
Microsoft Visual Studio Solution File, Format Version 12.00
# Visual Studio Version 17
VisualStudioVersion = 17.3.32929.385
MinimumVisualStudioVersion = 10.0.40219.1
Project("{FAE04EC0-301F-11D3-BF4B-00C04F79EFBC}") = "Course paper", "Course paper.csproj", "{4E3F055B-9C5E-403E-AB84-522755F5E06F}"
EndProject
Project("{2150E333-8FDC-42A3-9474-1A3956D46DE8}") = "Icon", "Icon", "{2FF82B75-BE47-48FB-A045-AB219680039C}"
	ProjectSection(SolutionItems) = preProject
		..\..\..\Человек.png = ..\..\..\Человек.png
	EndProjectSection
EndProject
Project("{FAE04EC0-301F-11D3-BF4B-00C04F79EFBC}") = "Course paper test", "..\Course paper test\Course paper test.csproj", "{B1C77F6A-C6A3-498A-9A1B-7F3678F63E32}"
EndProject
Global
	GlobalSection(SolutionConfigurationPlatforms) = preSolution
		Debug|Any CPU = Debug|Any CPU
		Release|Any CPU = Release|Any CPU
	EndGlobalSection
	GlobalSection(ProjectConfigurationPlatforms) = postSolution
		{4E3F055B-9C5E-403E-AB84-522755F5E06F}.Debug|Any CPU.ActiveCfg = Debug|Any CPU
		{4E3F055B-9C5E-403E-AB84-522755F5E06F}.Debug|Any CPU.Build.0 = Debug|Any CPU
		{4E3F055B-9C5E-403E-AB84-522755F5E06F}.Release|Any CPU.ActiveCfg = Release|Any CPU
		{4E3F055B-9C5E-403E-AB84-522755F5E06F}.Release|Any CPU.Build.0 = Release|Any CPU
		{B1C77F6A-C6A3-498A-9A1B-7F3678F63E32}.Debug|Any CPU.ActiveCfg = Debug|Any CPU
		{B1C77F6A-C6A3-498A-9A1B-7F3678F63E32}.Debug|Any CPU.Build.0 = Debug|Any CPU
		{B1C77F6A-C6A3-498A-9A1B-7F3678F63E32}.Release|Any CPU.ActiveCfg = Release|Any CPU
		{B1C77F6A-C6A3-498A-9A1B-7F3678F63E32}.Release|Any CPU.Build.0 = Release|Any CPU
	EndGlobalSection
	GlobalSection(SolutionProperties) = preSolution
		HideSolutionNode = FALSE
	EndGlobalSection
	GlobalSection(ExtensibilityGlobals) = postSolution
		SolutionGuid = {A2710EDB-BA80-456D-85D9-485E6FCDE705}
	EndGlobalSection
EndGlobal
